// !$*UTF8*$!
{
	archiveVersion = 1;
	classes = {
	};
	objectVersion = 52;
	objects = {

/* Begin PBXBuildFile section */
		04D4E7134CF8357D09198169 /* Pods_AnhFlixsterTests.framework in Frameworks */ = {isa = PBXBuildFile; fileRef = 70464982A65774EC73ABA5F6 /* Pods_AnhFlixsterTests.framework */; };
		E5C6751829657C05B915ACFE /* Pods_AnhFlixster.framework in Frameworks */ = {isa = PBXBuildFile; fileRef = A9A728F9253FB693D4D1306B /* Pods_AnhFlixster.framework */; };
		EA0F3D422708517100FB9EF5 /* MovieGridDetailsViewController.swift in Sources */ = {isa = PBXBuildFile; fileRef = EA0F3D412708517100FB9EF5 /* MovieGridDetailsViewController.swift */; };
		EA0F3D44270BFF8000FB9EF5 /* TrailerViewController.swift in Sources */ = {isa = PBXBuildFile; fileRef = EA0F3D43270BFF8000FB9EF5 /* TrailerViewController.swift */; };
		EA14848527008CAA0098D9DE /* AppDelegate.m in Sources */ = {isa = PBXBuildFile; fileRef = EA14848427008CAA0098D9DE /* AppDelegate.m */; };
		EA14848827008CAA0098D9DE /* SceneDelegate.m in Sources */ = {isa = PBXBuildFile; fileRef = EA14848727008CAA0098D9DE /* SceneDelegate.m */; };
		EA14848B27008CAA0098D9DE /* ViewController.m in Sources */ = {isa = PBXBuildFile; fileRef = EA14848A27008CAA0098D9DE /* ViewController.m */; };
		EA14848E27008CAA0098D9DE /* Main.storyboard in Resources */ = {isa = PBXBuildFile; fileRef = EA14848C27008CAA0098D9DE /* Main.storyboard */; };
		EA14849027008CAB0098D9DE /* Assets.xcassets in Resources */ = {isa = PBXBuildFile; fileRef = EA14848F27008CAB0098D9DE /* Assets.xcassets */; };
		EA14849327008CAB0098D9DE /* LaunchScreen.storyboard in Resources */ = {isa = PBXBuildFile; fileRef = EA14849127008CAB0098D9DE /* LaunchScreen.storyboard */; };
		EA14849627008CAB0098D9DE /* main.m in Sources */ = {isa = PBXBuildFile; fileRef = EA14849527008CAB0098D9DE /* main.m */; };
		EA1484A027008CAC0098D9DE /* AnhFlixsterTests.m in Sources */ = {isa = PBXBuildFile; fileRef = EA14849F27008CAC0098D9DE /* AnhFlixsterTests.m */; };
		EA1484AB27008CAC0098D9DE /* AnhFlixsterUITests.m in Sources */ = {isa = PBXBuildFile; fileRef = EA1484AA27008CAC0098D9DE /* AnhFlixsterUITests.m */; };
		EA4FA7AF270439D600B1CC10 /* MovieDetailsViewController.swift in Sources */ = {isa = PBXBuildFile; fileRef = EA4FA7AE270439D600B1CC10 /* MovieDetailsViewController.swift */; };
		EA4FA7B127044B2500B1CC10 /* MovieGridViewController.swift in Sources */ = {isa = PBXBuildFile; fileRef = EA4FA7B027044B2500B1CC10 /* MovieGridViewController.swift */; };
		EA4FA7B3270454C100B1CC10 /* MovieGridCell.swift in Sources */ = {isa = PBXBuildFile; fileRef = EA4FA7B2270454C100B1CC10 /* MovieGridCell.swift */; };
		EACF279A27015AB900C040F3 /* MoviesViewController.swift in Sources */ = {isa = PBXBuildFile; fileRef = EACF279927015AB900C040F3 /* MoviesViewController.swift */; };
		EACF279C27016E3E00C040F3 /* MovieCell.swift in Sources */ = {isa = PBXBuildFile; fileRef = EACF279B27016E3E00C040F3 /* MovieCell.swift */; };
		EACF279F2701767300C040F3 /* AlamofireImage in Frameworks */ = {isa = PBXBuildFile; productRef = EACF279E2701767300C040F3 /* AlamofireImage */; };
		F679AD058572BB297E646252 /* Pods_AnhFlixster_AnhFlixsterUITests.framework in Frameworks */ = {isa = PBXBuildFile; fileRef = D5A12886D495358B8781724B /* Pods_AnhFlixster_AnhFlixsterUITests.framework */; };
/* End PBXBuildFile section */

/* Begin PBXContainerItemProxy section */
		EA14849C27008CAC0098D9DE /* PBXContainerItemProxy */ = {
			isa = PBXContainerItemProxy;
			containerPortal = EA14847827008CAA0098D9DE /* Project object */;
			proxyType = 1;
			remoteGlobalIDString = EA14847F27008CAA0098D9DE;
			remoteInfo = AnhFlixster;
		};
		EA1484A727008CAC0098D9DE /* PBXContainerItemProxy */ = {
			isa = PBXContainerItemProxy;
			containerPortal = EA14847827008CAA0098D9DE /* Project object */;
			proxyType = 1;
			remoteGlobalIDString = EA14847F27008CAA0098D9DE;
			remoteInfo = AnhFlixster;
		};
/* End PBXContainerItemProxy section */

/* Begin PBXFileReference section */
		29773696E5CB3283791EAC71 /* Pods-AnhFlixsterTests.release.xcconfig */ = {isa = PBXFileReference; includeInIndex = 1; lastKnownFileType = text.xcconfig; name = "Pods-AnhFlixsterTests.release.xcconfig"; path = "Target Support Files/Pods-AnhFlixsterTests/Pods-AnhFlixsterTests.release.xcconfig"; sourceTree = "<group>"; };
		70464982A65774EC73ABA5F6 /* Pods_AnhFlixsterTests.framework */ = {isa = PBXFileReference; explicitFileType = wrapper.framework; includeInIndex = 0; path = Pods_AnhFlixsterTests.framework; sourceTree = BUILT_PRODUCTS_DIR; };
		77D2F301FDE0C8050FA97890 /* Pods-AnhFlixsterTests.debug.xcconfig */ = {isa = PBXFileReference; includeInIndex = 1; lastKnownFileType = text.xcconfig; name = "Pods-AnhFlixsterTests.debug.xcconfig"; path = "Target Support Files/Pods-AnhFlixsterTests/Pods-AnhFlixsterTests.debug.xcconfig"; sourceTree = "<group>"; };
		98CFF749E28BEE09D596C26C /* Pods-AnhFlixster.release.xcconfig */ = {isa = PBXFileReference; includeInIndex = 1; lastKnownFileType = text.xcconfig; name = "Pods-AnhFlixster.release.xcconfig"; path = "Target Support Files/Pods-AnhFlixster/Pods-AnhFlixster.release.xcconfig"; sourceTree = "<group>"; };
		A82F392D0374CA9E10A783A8 /* Pods-AnhFlixster-AnhFlixsterUITests.debug.xcconfig */ = {isa = PBXFileReference; includeInIndex = 1; lastKnownFileType = text.xcconfig; name = "Pods-AnhFlixster-AnhFlixsterUITests.debug.xcconfig"; path = "Target Support Files/Pods-AnhFlixster-AnhFlixsterUITests/Pods-AnhFlixster-AnhFlixsterUITests.debug.xcconfig"; sourceTree = "<group>"; };
		A9A728F9253FB693D4D1306B /* Pods_AnhFlixster.framework */ = {isa = PBXFileReference; explicitFileType = wrapper.framework; includeInIndex = 0; path = Pods_AnhFlixster.framework; sourceTree = BUILT_PRODUCTS_DIR; };
		AE40CF83FBA67069950582AA /* Pods-AnhFlixster-AnhFlixsterUITests.release.xcconfig */ = {isa = PBXFileReference; includeInIndex = 1; lastKnownFileType = text.xcconfig; name = "Pods-AnhFlixster-AnhFlixsterUITests.release.xcconfig"; path = "Target Support Files/Pods-AnhFlixster-AnhFlixsterUITests/Pods-AnhFlixster-AnhFlixsterUITests.release.xcconfig"; sourceTree = "<group>"; };
		C0D8EEC08DE3D4FC2CFF38C3 /* Pods-AnhFlixster.debug.xcconfig */ = {isa = PBXFileReference; includeInIndex = 1; lastKnownFileType = text.xcconfig; name = "Pods-AnhFlixster.debug.xcconfig"; path = "Target Support Files/Pods-AnhFlixster/Pods-AnhFlixster.debug.xcconfig"; sourceTree = "<group>"; };
		D5A12886D495358B8781724B /* Pods_AnhFlixster_AnhFlixsterUITests.framework */ = {isa = PBXFileReference; explicitFileType = wrapper.framework; includeInIndex = 0; path = Pods_AnhFlixster_AnhFlixsterUITests.framework; sourceTree = BUILT_PRODUCTS_DIR; };
		EA0F3D412708517100FB9EF5 /* MovieGridDetailsViewController.swift */ = {isa = PBXFileReference; lastKnownFileType = sourcecode.swift; path = MovieGridDetailsViewController.swift; sourceTree = "<group>"; };
		EA0F3D43270BFF8000FB9EF5 /* TrailerViewController.swift */ = {isa = PBXFileReference; lastKnownFileType = sourcecode.swift; path = TrailerViewController.swift; sourceTree = "<group>"; };
		EA14848027008CAA0098D9DE /* AnhFlixster.app */ = {isa = PBXFileReference; explicitFileType = wrapper.application; includeInIndex = 0; path = AnhFlixster.app; sourceTree = BUILT_PRODUCTS_DIR; };
		EA14848327008CAA0098D9DE /* AppDelegate.h */ = {isa = PBXFileReference; lastKnownFileType = sourcecode.c.h; path = AppDelegate.h; sourceTree = "<group>"; };
		EA14848427008CAA0098D9DE /* AppDelegate.m */ = {isa = PBXFileReference; lastKnownFileType = sourcecode.c.objc; path = AppDelegate.m; sourceTree = "<group>"; };
		EA14848627008CAA0098D9DE /* SceneDelegate.h */ = {isa = PBXFileReference; lastKnownFileType = sourcecode.c.h; path = SceneDelegate.h; sourceTree = "<group>"; };
		EA14848727008CAA0098D9DE /* SceneDelegate.m */ = {isa = PBXFileReference; lastKnownFileType = sourcecode.c.objc; path = SceneDelegate.m; sourceTree = "<group>"; };
		EA14848927008CAA0098D9DE /* ViewController.h */ = {isa = PBXFileReference; lastKnownFileType = sourcecode.c.h; path = ViewController.h; sourceTree = "<group>"; };
		EA14848A27008CAA0098D9DE /* ViewController.m */ = {isa = PBXFileReference; lastKnownFileType = sourcecode.c.objc; path = ViewController.m; sourceTree = "<group>"; };
		EA14848D27008CAA0098D9DE /* Base */ = {isa = PBXFileReference; lastKnownFileType = file.storyboard; name = Base; path = Base.lproj/Main.storyboard; sourceTree = "<group>"; };
		EA14848F27008CAB0098D9DE /* Assets.xcassets */ = {isa = PBXFileReference; lastKnownFileType = folder.assetcatalog; path = Assets.xcassets; sourceTree = "<group>"; };
		EA14849227008CAB0098D9DE /* Base */ = {isa = PBXFileReference; lastKnownFileType = file.storyboard; name = Base; path = Base.lproj/LaunchScreen.storyboard; sourceTree = "<group>"; };
		EA14849427008CAB0098D9DE /* Info.plist */ = {isa = PBXFileReference; lastKnownFileType = text.plist.xml; path = Info.plist; sourceTree = "<group>"; };
		EA14849527008CAB0098D9DE /* main.m */ = {isa = PBXFileReference; lastKnownFileType = sourcecode.c.objc; path = main.m; sourceTree = "<group>"; };
		EA14849B27008CAC0098D9DE /* AnhFlixsterTests.xctest */ = {isa = PBXFileReference; explicitFileType = wrapper.cfbundle; includeInIndex = 0; path = AnhFlixsterTests.xctest; sourceTree = BUILT_PRODUCTS_DIR; };
		EA14849F27008CAC0098D9DE /* AnhFlixsterTests.m */ = {isa = PBXFileReference; lastKnownFileType = sourcecode.c.objc; path = AnhFlixsterTests.m; sourceTree = "<group>"; };
		EA1484A127008CAC0098D9DE /* Info.plist */ = {isa = PBXFileReference; lastKnownFileType = text.plist.xml; path = Info.plist; sourceTree = "<group>"; };
		EA1484A627008CAC0098D9DE /* AnhFlixsterUITests.xctest */ = {isa = PBXFileReference; explicitFileType = wrapper.cfbundle; includeInIndex = 0; path = AnhFlixsterUITests.xctest; sourceTree = BUILT_PRODUCTS_DIR; };
		EA1484AA27008CAC0098D9DE /* AnhFlixsterUITests.m */ = {isa = PBXFileReference; lastKnownFileType = sourcecode.c.objc; path = AnhFlixsterUITests.m; sourceTree = "<group>"; };
		EA1484AC27008CAC0098D9DE /* Info.plist */ = {isa = PBXFileReference; lastKnownFileType = text.plist.xml; path = Info.plist; sourceTree = "<group>"; };
		EA1484B827008F360098D9DE /* AnhFlixster.entitlements */ = {isa = PBXFileReference; lastKnownFileType = text.plist.entitlements; path = AnhFlixster.entitlements; sourceTree = "<group>"; };
		EA4FA7AE270439D600B1CC10 /* MovieDetailsViewController.swift */ = {isa = PBXFileReference; lastKnownFileType = sourcecode.swift; path = MovieDetailsViewController.swift; sourceTree = "<group>"; };
		EA4FA7B027044B2500B1CC10 /* MovieGridViewController.swift */ = {isa = PBXFileReference; lastKnownFileType = sourcecode.swift; path = MovieGridViewController.swift; sourceTree = "<group>"; };
		EA4FA7B2270454C100B1CC10 /* MovieGridCell.swift */ = {isa = PBXFileReference; lastKnownFileType = sourcecode.swift; path = MovieGridCell.swift; sourceTree = "<group>"; };
		EACF279827015AB900C040F3 /* AnhFlixster-Bridging-Header.h */ = {isa = PBXFileReference; lastKnownFileType = sourcecode.c.h; path = "AnhFlixster-Bridging-Header.h"; sourceTree = "<group>"; };
		EACF279927015AB900C040F3 /* MoviesViewController.swift */ = {isa = PBXFileReference; lastKnownFileType = sourcecode.swift; path = MoviesViewController.swift; sourceTree = "<group>"; };
		EACF279B27016E3E00C040F3 /* MovieCell.swift */ = {isa = PBXFileReference; lastKnownFileType = sourcecode.swift; path = MovieCell.swift; sourceTree = "<group>"; };
/* End PBXFileReference section */

/* Begin PBXFrameworksBuildPhase section */
		EA14847D27008CAA0098D9DE /* Frameworks */ = {
			isa = PBXFrameworksBuildPhase;
			buildActionMask = 2147483647;
			files = (
				EACF279F2701767300C040F3 /* AlamofireImage in Frameworks */,
				E5C6751829657C05B915ACFE /* Pods_AnhFlixster.framework in Frameworks */,
			);
			runOnlyForDeploymentPostprocessing = 0;
		};
		EA14849827008CAC0098D9DE /* Frameworks */ = {
			isa = PBXFrameworksBuildPhase;
			buildActionMask = 2147483647;
			files = (
				04D4E7134CF8357D09198169 /* Pods_AnhFlixsterTests.framework in Frameworks */,
			);
			runOnlyForDeploymentPostprocessing = 0;
		};
		EA1484A327008CAC0098D9DE /* Frameworks */ = {
			isa = PBXFrameworksBuildPhase;
			buildActionMask = 2147483647;
			files = (
				F679AD058572BB297E646252 /* Pods_AnhFlixster_AnhFlixsterUITests.framework in Frameworks */,
			);
			runOnlyForDeploymentPostprocessing = 0;
		};
/* End PBXFrameworksBuildPhase section */

/* Begin PBXGroup section */
		57B6DFD0110CD7E276CE7EF2 /* Frameworks */ = {
			isa = PBXGroup;
			children = (
				A9A728F9253FB693D4D1306B /* Pods_AnhFlixster.framework */,
				D5A12886D495358B8781724B /* Pods_AnhFlixster_AnhFlixsterUITests.framework */,
				70464982A65774EC73ABA5F6 /* Pods_AnhFlixsterTests.framework */,
			);
			name = Frameworks;
			sourceTree = "<group>";
		};
		8B02273F37E15DF4B7FC9A25 /* Pods */ = {
			isa = PBXGroup;
			children = (
				C0D8EEC08DE3D4FC2CFF38C3 /* Pods-AnhFlixster.debug.xcconfig */,
				98CFF749E28BEE09D596C26C /* Pods-AnhFlixster.release.xcconfig */,
				A82F392D0374CA9E10A783A8 /* Pods-AnhFlixster-AnhFlixsterUITests.debug.xcconfig */,
				AE40CF83FBA67069950582AA /* Pods-AnhFlixster-AnhFlixsterUITests.release.xcconfig */,
				77D2F301FDE0C8050FA97890 /* Pods-AnhFlixsterTests.debug.xcconfig */,
				29773696E5CB3283791EAC71 /* Pods-AnhFlixsterTests.release.xcconfig */,
			);
			path = Pods;
			sourceTree = "<group>";
		};
		EA14847727008CAA0098D9DE = {
			isa = PBXGroup;
			children = (
				EA14848227008CAA0098D9DE /* AnhFlixster */,
				EA14849E27008CAC0098D9DE /* AnhFlixsterTests */,
				EA1484A927008CAC0098D9DE /* AnhFlixsterUITests */,
				EA14848127008CAA0098D9DE /* Products */,
				8B02273F37E15DF4B7FC9A25 /* Pods */,
				57B6DFD0110CD7E276CE7EF2 /* Frameworks */,
			);
			sourceTree = "<group>";
		};
		EA14848127008CAA0098D9DE /* Products */ = {
			isa = PBXGroup;
			children = (
				EA14848027008CAA0098D9DE /* AnhFlixster.app */,
				EA14849B27008CAC0098D9DE /* AnhFlixsterTests.xctest */,
				EA1484A627008CAC0098D9DE /* AnhFlixsterUITests.xctest */,
			);
			name = Products;
			sourceTree = "<group>";
		};
		EA14848227008CAA0098D9DE /* AnhFlixster */ = {
			isa = PBXGroup;
			children = (
				EA1484B827008F360098D9DE /* AnhFlixster.entitlements */,
				EA14848327008CAA0098D9DE /* AppDelegate.h */,
				EA14848427008CAA0098D9DE /* AppDelegate.m */,
				EA14848627008CAA0098D9DE /* SceneDelegate.h */,
				EA14848727008CAA0098D9DE /* SceneDelegate.m */,
				EA14848927008CAA0098D9DE /* ViewController.h */,
				EA14848A27008CAA0098D9DE /* ViewController.m */,
				EA14848C27008CAA0098D9DE /* Main.storyboard */,
				EA14848F27008CAB0098D9DE /* Assets.xcassets */,
				EA14849127008CAB0098D9DE /* LaunchScreen.storyboard */,
				EA14849427008CAB0098D9DE /* Info.plist */,
				EA14849527008CAB0098D9DE /* main.m */,
				EACF279927015AB900C040F3 /* MoviesViewController.swift */,
				EACF279827015AB900C040F3 /* AnhFlixster-Bridging-Header.h */,
				EACF279B27016E3E00C040F3 /* MovieCell.swift */,
				EA4FA7AE270439D600B1CC10 /* MovieDetailsViewController.swift */,
				EA4FA7B027044B2500B1CC10 /* MovieGridViewController.swift */,
				EA4FA7B2270454C100B1CC10 /* MovieGridCell.swift */,
				EA0F3D412708517100FB9EF5 /* MovieGridDetailsViewController.swift */,
				EA0F3D43270BFF8000FB9EF5 /* TrailerViewController.swift */,
			);
			path = AnhFlixster;
			sourceTree = "<group>";
		};
		EA14849E27008CAC0098D9DE /* AnhFlixsterTests */ = {
			isa = PBXGroup;
			children = (
				EA14849F27008CAC0098D9DE /* AnhFlixsterTests.m */,
				EA1484A127008CAC0098D9DE /* Info.plist */,
			);
			path = AnhFlixsterTests;
			sourceTree = "<group>";
		};
		EA1484A927008CAC0098D9DE /* AnhFlixsterUITests */ = {
			isa = PBXGroup;
			children = (
				EA1484AA27008CAC0098D9DE /* AnhFlixsterUITests.m */,
				EA1484AC27008CAC0098D9DE /* Info.plist */,
			);
			path = AnhFlixsterUITests;
			sourceTree = "<group>";
		};
/* End PBXGroup section */

/* Begin PBXNativeTarget section */
		EA14847F27008CAA0098D9DE /* AnhFlixster */ = {
			isa = PBXNativeTarget;
			buildConfigurationList = EA1484AF27008CAC0098D9DE /* Build configuration list for PBXNativeTarget "AnhFlixster" */;
			buildPhases = (
				5D32BF4DF451FBC55708FC7B /* [CP] Check Pods Manifest.lock */,
				EA14847C27008CAA0098D9DE /* Sources */,
				EA14847D27008CAA0098D9DE /* Frameworks */,
				EA14847E27008CAA0098D9DE /* Resources */,
				2AE51220E46B850DD96BBEE2 /* [CP] Embed Pods Frameworks */,
			);
			buildRules = (
			);
			dependencies = (
			);
			name = AnhFlixster;
			packageProductDependencies = (
				EACF279E2701767300C040F3 /* AlamofireImage */,
			);
			productName = AnhFlixster;
			productReference = EA14848027008CAA0098D9DE /* AnhFlixster.app */;
			productType = "com.apple.product-type.application";
		};
		EA14849A27008CAC0098D9DE /* AnhFlixsterTests */ = {
			isa = PBXNativeTarget;
			buildConfigurationList = EA1484B227008CAC0098D9DE /* Build configuration list for PBXNativeTarget "AnhFlixsterTests" */;
			buildPhases = (
				9C242EDB2E70331B05A66B9B /* [CP] Check Pods Manifest.lock */,
				EA14849727008CAC0098D9DE /* Sources */,
				EA14849827008CAC0098D9DE /* Frameworks */,
				EA14849927008CAC0098D9DE /* Resources */,
			);
			buildRules = (
			);
			dependencies = (
				EA14849D27008CAC0098D9DE /* PBXTargetDependency */,
			);
			name = AnhFlixsterTests;
			productName = AnhFlixsterTests;
			productReference = EA14849B27008CAC0098D9DE /* AnhFlixsterTests.xctest */;
			productType = "com.apple.product-type.bundle.unit-test";
		};
		EA1484A527008CAC0098D9DE /* AnhFlixsterUITests */ = {
			isa = PBXNativeTarget;
			buildConfigurationList = EA1484B527008CAC0098D9DE /* Build configuration list for PBXNativeTarget "AnhFlixsterUITests" */;
			buildPhases = (
				FB89B2E9AABA278BA953963A /* [CP] Check Pods Manifest.lock */,
				EA1484A227008CAC0098D9DE /* Sources */,
				EA1484A327008CAC0098D9DE /* Frameworks */,
				EA1484A427008CAC0098D9DE /* Resources */,
				E133A5108B997674DD941FB5 /* [CP] Embed Pods Frameworks */,
			);
			buildRules = (
			);
			dependencies = (
				EA1484A827008CAC0098D9DE /* PBXTargetDependency */,
			);
			name = AnhFlixsterUITests;
			productName = AnhFlixsterUITests;
			productReference = EA1484A627008CAC0098D9DE /* AnhFlixsterUITests.xctest */;
			productType = "com.apple.product-type.bundle.ui-testing";
		};
/* End PBXNativeTarget section */

/* Begin PBXProject section */
		EA14847827008CAA0098D9DE /* Project object */ = {
			isa = PBXProject;
			attributes = {
				LastUpgradeCheck = 1250;
				TargetAttributes = {
					EA14847F27008CAA0098D9DE = {
						CreatedOnToolsVersion = 12.5.1;
						LastSwiftMigration = 1250;
					};
					EA14849A27008CAC0098D9DE = {
						CreatedOnToolsVersion = 12.5.1;
						TestTargetID = EA14847F27008CAA0098D9DE;
					};
					EA1484A527008CAC0098D9DE = {
						CreatedOnToolsVersion = 12.5.1;
						TestTargetID = EA14847F27008CAA0098D9DE;
					};
				};
			};
			buildConfigurationList = EA14847B27008CAA0098D9DE /* Build configuration list for PBXProject "AnhFlixster" */;
			compatibilityVersion = "Xcode 9.3";
			developmentRegion = en;
			hasScannedForEncodings = 0;
			knownRegions = (
				en,
				Base,
			);
			mainGroup = EA14847727008CAA0098D9DE;
			packageReferences = (
				EACF279D2701767300C040F3 /* XCRemoteSwiftPackageReference "AlamofireImage" */,
			);
			productRefGroup = EA14848127008CAA0098D9DE /* Products */;
			projectDirPath = "";
			projectRoot = "";
			targets = (
				EA14847F27008CAA0098D9DE /* AnhFlixster */,
				EA14849A27008CAC0098D9DE /* AnhFlixsterTests */,
				EA1484A527008CAC0098D9DE /* AnhFlixsterUITests */,
			);
		};
/* End PBXProject section */

/* Begin PBXResourcesBuildPhase section */
		EA14847E27008CAA0098D9DE /* Resources */ = {
			isa = PBXResourcesBuildPhase;
			buildActionMask = 2147483647;
			files = (
				EA14849327008CAB0098D9DE /* LaunchScreen.storyboard in Resources */,
				EA14849027008CAB0098D9DE /* Assets.xcassets in Resources */,
				EA14848E27008CAA0098D9DE /* Main.storyboard in Resources */,
			);
			runOnlyForDeploymentPostprocessing = 0;
		};
		EA14849927008CAC0098D9DE /* Resources */ = {
			isa = PBXResourcesBuildPhase;
			buildActionMask = 2147483647;
			files = (
			);
			runOnlyForDeploymentPostprocessing = 0;
		};
		EA1484A427008CAC0098D9DE /* Resources */ = {
			isa = PBXResourcesBuildPhase;
			buildActionMask = 2147483647;
			files = (
			);
			runOnlyForDeploymentPostprocessing = 0;
		};
/* End PBXResourcesBuildPhase section */

/* Begin PBXShellScriptBuildPhase section */
		2AE51220E46B850DD96BBEE2 /* [CP] Embed Pods Frameworks */ = {
			isa = PBXShellScriptBuildPhase;
			buildActionMask = 2147483647;
			files = (
			);
			inputFileListPaths = (
				"${PODS_ROOT}/Target Support Files/Pods-AnhFlixster/Pods-AnhFlixster-frameworks-${CONFIGURATION}-input-files.xcfilelist",
			);
			name = "[CP] Embed Pods Frameworks";
			outputFileListPaths = (
				"${PODS_ROOT}/Target Support Files/Pods-AnhFlixster/Pods-AnhFlixster-frameworks-${CONFIGURATION}-output-files.xcfilelist",
			);
			runOnlyForDeploymentPostprocessing = 0;
			shellPath = /bin/sh;
			shellScript = "\"${PODS_ROOT}/Target Support Files/Pods-AnhFlixster/Pods-AnhFlixster-frameworks.sh\"\n";
			showEnvVarsInLog = 0;
		};
		5D32BF4DF451FBC55708FC7B /* [CP] Check Pods Manifest.lock */ = {
			isa = PBXShellScriptBuildPhase;
			buildActionMask = 2147483647;
			files = (
			);
			inputFileListPaths = (
			);
			inputPaths = (
				"${PODS_PODFILE_DIR_PATH}/Podfile.lock",
				"${PODS_ROOT}/Manifest.lock",
			);
			name = "[CP] Check Pods Manifest.lock";
			outputFileListPaths = (
			);
			outputPaths = (
				"$(DERIVED_FILE_DIR)/Pods-AnhFlixster-checkManifestLockResult.txt",
			);
			runOnlyForDeploymentPostprocessing = 0;
			shellPath = /bin/sh;
			shellScript = "diff \"${PODS_PODFILE_DIR_PATH}/Podfile.lock\" \"${PODS_ROOT}/Manifest.lock\" > /dev/null\nif [ $? != 0 ] ; then\n    # print error to STDERR\n    echo \"error: The sandbox is not in sync with the Podfile.lock. Run 'pod install' or update your CocoaPods installation.\" >&2\n    exit 1\nfi\n# This output is used by Xcode 'outputs' to avoid re-running this script phase.\necho \"SUCCESS\" > \"${SCRIPT_OUTPUT_FILE_0}\"\n";
			showEnvVarsInLog = 0;
		};
		9C242EDB2E70331B05A66B9B /* [CP] Check Pods Manifest.lock */ = {
			isa = PBXShellScriptBuildPhase;
			buildActionMask = 2147483647;
			files = (
			);
			inputFileListPaths = (
			);
			inputPaths = (
				"${PODS_PODFILE_DIR_PATH}/Podfile.lock",
				"${PODS_ROOT}/Manifest.lock",
			);
			name = "[CP] Check Pods Manifest.lock";
			outputFileListPaths = (
			);
			outputPaths = (
				"$(DERIVED_FILE_DIR)/Pods-AnhFlixsterTests-checkManifestLockResult.txt",
			);
			runOnlyForDeploymentPostprocessing = 0;
			shellPath = /bin/sh;
			shellScript = "diff \"${PODS_PODFILE_DIR_PATH}/Podfile.lock\" \"${PODS_ROOT}/Manifest.lock\" > /dev/null\nif [ $? != 0 ] ; then\n    # print error to STDERR\n    echo \"error: The sandbox is not in sync with the Podfile.lock. Run 'pod install' or update your CocoaPods installation.\" >&2\n    exit 1\nfi\n# This output is used by Xcode 'outputs' to avoid re-running this script phase.\necho \"SUCCESS\" > \"${SCRIPT_OUTPUT_FILE_0}\"\n";
			showEnvVarsInLog = 0;
		};
		E133A5108B997674DD941FB5 /* [CP] Embed Pods Frameworks */ = {
			isa = PBXShellScriptBuildPhase;
			buildActionMask = 2147483647;
			files = (
			);
			inputFileListPaths = (
				"${PODS_ROOT}/Target Support Files/Pods-AnhFlixster-AnhFlixsterUITests/Pods-AnhFlixster-AnhFlixsterUITests-frameworks-${CONFIGURATION}-input-files.xcfilelist",
			);
			name = "[CP] Embed Pods Frameworks";
			outputFileListPaths = (
				"${PODS_ROOT}/Target Support Files/Pods-AnhFlixster-AnhFlixsterUITests/Pods-AnhFlixster-AnhFlixsterUITests-frameworks-${CONFIGURATION}-output-files.xcfilelist",
			);
			runOnlyForDeploymentPostprocessing = 0;
			shellPath = /bin/sh;
			shellScript = "\"${PODS_ROOT}/Target Support Files/Pods-AnhFlixster-AnhFlixsterUITests/Pods-AnhFlixster-AnhFlixsterUITests-frameworks.sh\"\n";
			showEnvVarsInLog = 0;
		};
		FB89B2E9AABA278BA953963A /* [CP] Check Pods Manifest.lock */ = {
			isa = PBXShellScriptBuildPhase;
			buildActionMask = 2147483647;
			files = (
			);
			inputFileListPaths = (
			);
			inputPaths = (
				"${PODS_PODFILE_DIR_PATH}/Podfile.lock",
				"${PODS_ROOT}/Manifest.lock",
			);
			name = "[CP] Check Pods Manifest.lock";
			outputFileListPaths = (
			);
			outputPaths = (
				"$(DERIVED_FILE_DIR)/Pods-AnhFlixster-AnhFlixsterUITests-checkManifestLockResult.txt",
			);
			runOnlyForDeploymentPostprocessing = 0;
			shellPath = /bin/sh;
			shellScript = "diff \"${PODS_PODFILE_DIR_PATH}/Podfile.lock\" \"${PODS_ROOT}/Manifest.lock\" > /dev/null\nif [ $? != 0 ] ; then\n    # print error to STDERR\n    echo \"error: The sandbox is not in sync with the Podfile.lock. Run 'pod install' or update your CocoaPods installation.\" >&2\n    exit 1\nfi\n# This output is used by Xcode 'outputs' to avoid re-running this script phase.\necho \"SUCCESS\" > \"${SCRIPT_OUTPUT_FILE_0}\"\n";
			showEnvVarsInLog = 0;
		};
/* End PBXShellScriptBuildPhase section */

/* Begin PBXSourcesBuildPhase section */
		EA14847C27008CAA0098D9DE /* Sources */ = {
			isa = PBXSourcesBuildPhase;
			buildActionMask = 2147483647;
			files = (
				EA14848B27008CAA0098D9DE /* ViewController.m in Sources */,
				EACF279A27015AB900C040F3 /* MoviesViewController.swift in Sources */,
				EACF279C27016E3E00C040F3 /* MovieCell.swift in Sources */,
				EA0F3D44270BFF8000FB9EF5 /* TrailerViewController.swift in Sources */,
				EA4FA7AF270439D600B1CC10 /* MovieDetailsViewController.swift in Sources */,
				EA14848527008CAA0098D9DE /* AppDelegate.m in Sources */,
				EA4FA7B127044B2500B1CC10 /* MovieGridViewController.swift in Sources */,
				EA0F3D422708517100FB9EF5 /* MovieGridDetailsViewController.swift in Sources */,
				EA14849627008CAB0098D9DE /* main.m in Sources */,
				EA4FA7B3270454C100B1CC10 /* MovieGridCell.swift in Sources */,
				EA14848827008CAA0098D9DE /* SceneDelegate.m in Sources */,
			);
			runOnlyForDeploymentPostprocessing = 0;
		};
		EA14849727008CAC0098D9DE /* Sources */ = {
			isa = PBXSourcesBuildPhase;
			buildActionMask = 2147483647;
			files = (
				EA1484A027008CAC0098D9DE /* AnhFlixsterTests.m in Sources */,
			);
			runOnlyForDeploymentPostprocessing = 0;
		};
		EA1484A227008CAC0098D9DE /* Sources */ = {
			isa = PBXSourcesBuildPhase;
			buildActionMask = 2147483647;
			files = (
				EA1484AB27008CAC0098D9DE /* AnhFlixsterUITests.m in Sources */,
			);
			runOnlyForDeploymentPostprocessing = 0;
		};
/* End PBXSourcesBuildPhase section */

/* Begin PBXTargetDependency section */
		EA14849D27008CAC0098D9DE /* PBXTargetDependency */ = {
			isa = PBXTargetDependency;
			target = EA14847F27008CAA0098D9DE /* AnhFlixster */;
			targetProxy = EA14849C27008CAC0098D9DE /* PBXContainerItemProxy */;
		};
		EA1484A827008CAC0098D9DE /* PBXTargetDependency */ = {
			isa = PBXTargetDependency;
			target = EA14847F27008CAA0098D9DE /* AnhFlixster */;
			targetProxy = EA1484A727008CAC0098D9DE /* PBXContainerItemProxy */;
		};
/* End PBXTargetDependency section */

/* Begin PBXVariantGroup section */
		EA14848C27008CAA0098D9DE /* Main.storyboard */ = {
			isa = PBXVariantGroup;
			children = (
				EA14848D27008CAA0098D9DE /* Base */,
			);
			name = Main.storyboard;
			sourceTree = "<group>";
		};
		EA14849127008CAB0098D9DE /* LaunchScreen.storyboard */ = {
			isa = PBXVariantGroup;
			children = (
				EA14849227008CAB0098D9DE /* Base */,
			);
			name = LaunchScreen.storyboard;
			sourceTree = "<group>";
		};
/* End PBXVariantGroup section */

/* Begin XCBuildConfiguration section */
		EA1484AD27008CAC0098D9DE /* Debug */ = {
			isa = XCBuildConfiguration;
			buildSettings = {
				ALWAYS_SEARCH_USER_PATHS = NO;
				CLANG_ANALYZER_NONNULL = YES;
				CLANG_ANALYZER_NUMBER_OBJECT_CONVERSION = YES_AGGRESSIVE;
				CLANG_CXX_LANGUAGE_STANDARD = "gnu++14";
				CLANG_CXX_LIBRARY = "libc++";
				CLANG_ENABLE_MODULES = YES;
				CLANG_ENABLE_OBJC_ARC = YES;
				CLANG_ENABLE_OBJC_WEAK = YES;
				CLANG_WARN_BLOCK_CAPTURE_AUTORELEASING = YES;
				CLANG_WARN_BOOL_CONVERSION = YES;
				CLANG_WARN_COMMA = YES;
				CLANG_WARN_CONSTANT_CONVERSION = YES;
				CLANG_WARN_DEPRECATED_OBJC_IMPLEMENTATIONS = YES;
				CLANG_WARN_DIRECT_OBJC_ISA_USAGE = YES_ERROR;
				CLANG_WARN_DOCUMENTATION_COMMENTS = YES;
				CLANG_WARN_EMPTY_BODY = YES;
				CLANG_WARN_ENUM_CONVERSION = YES;
				CLANG_WARN_INFINITE_RECURSION = YES;
				CLANG_WARN_INT_CONVERSION = YES;
				CLANG_WARN_NON_LITERAL_NULL_CONVERSION = YES;
				CLANG_WARN_OBJC_IMPLICIT_RETAIN_SELF = YES;
				CLANG_WARN_OBJC_LITERAL_CONVERSION = YES;
				CLANG_WARN_OBJC_ROOT_CLASS = YES_ERROR;
				CLANG_WARN_QUOTED_INCLUDE_IN_FRAMEWORK_HEADER = YES;
				CLANG_WARN_RANGE_LOOP_ANALYSIS = YES;
				CLANG_WARN_STRICT_PROTOTYPES = YES;
				CLANG_WARN_SUSPICIOUS_MOVE = YES;
				CLANG_WARN_UNGUARDED_AVAILABILITY = YES_AGGRESSIVE;
				CLANG_WARN_UNREACHABLE_CODE = YES;
				CLANG_WARN__DUPLICATE_METHOD_MATCH = YES;
				COPY_PHASE_STRIP = NO;
				DEBUG_INFORMATION_FORMAT = dwarf;
				ENABLE_STRICT_OBJC_MSGSEND = YES;
				ENABLE_TESTABILITY = YES;
				GCC_C_LANGUAGE_STANDARD = gnu11;
				GCC_DYNAMIC_NO_PIC = NO;
				GCC_NO_COMMON_BLOCKS = YES;
				GCC_OPTIMIZATION_LEVEL = 0;
				GCC_PREPROCESSOR_DEFINITIONS = (
					"DEBUG=1",
					"$(inherited)",
				);
				GCC_WARN_64_TO_32_BIT_CONVERSION = YES;
				GCC_WARN_ABOUT_RETURN_TYPE = YES_ERROR;
				GCC_WARN_UNDECLARED_SELECTOR = YES;
				GCC_WARN_UNINITIALIZED_AUTOS = YES_AGGRESSIVE;
				GCC_WARN_UNUSED_FUNCTION = YES;
				GCC_WARN_UNUSED_VARIABLE = YES;
				IPHONEOS_DEPLOYMENT_TARGET = 14.5;
				MTL_ENABLE_DEBUG_INFO = INCLUDE_SOURCE;
				MTL_FAST_MATH = YES;
				ONLY_ACTIVE_ARCH = YES;
				SDKROOT = iphoneos;
			};
			name = Debug;
		};
		EA1484AE27008CAC0098D9DE /* Release */ = {
			isa = XCBuildConfiguration;
			buildSettings = {
				ALWAYS_SEARCH_USER_PATHS = NO;
				CLANG_ANALYZER_NONNULL = YES;
				CLANG_ANALYZER_NUMBER_OBJECT_CONVERSION = YES_AGGRESSIVE;
				CLANG_CXX_LANGUAGE_STANDARD = "gnu++14";
				CLANG_CXX_LIBRARY = "libc++";
				CLANG_ENABLE_MODULES = YES;
				CLANG_ENABLE_OBJC_ARC = YES;
				CLANG_ENABLE_OBJC_WEAK = YES;
				CLANG_WARN_BLOCK_CAPTURE_AUTORELEASING = YES;
				CLANG_WARN_BOOL_CONVERSION = YES;
				CLANG_WARN_COMMA = YES;
				CLANG_WARN_CONSTANT_CONVERSION = YES;
				CLANG_WARN_DEPRECATED_OBJC_IMPLEMENTATIONS = YES;
				CLANG_WARN_DIRECT_OBJC_ISA_USAGE = YES_ERROR;
				CLANG_WARN_DOCUMENTATION_COMMENTS = YES;
				CLANG_WARN_EMPTY_BODY = YES;
				CLANG_WARN_ENUM_CONVERSION = YES;
				CLANG_WARN_INFINITE_RECURSION = YES;
				CLANG_WARN_INT_CONVERSION = YES;
				CLANG_WARN_NON_LITERAL_NULL_CONVERSION = YES;
				CLANG_WARN_OBJC_IMPLICIT_RETAIN_SELF = YES;
				CLANG_WARN_OBJC_LITERAL_CONVERSION = YES;
				CLANG_WARN_OBJC_ROOT_CLASS = YES_ERROR;
				CLANG_WARN_QUOTED_INCLUDE_IN_FRAMEWORK_HEADER = YES;
				CLANG_WARN_RANGE_LOOP_ANALYSIS = YES;
				CLANG_WARN_STRICT_PROTOTYPES = YES;
				CLANG_WARN_SUSPICIOUS_MOVE = YES;
				CLANG_WARN_UNGUARDED_AVAILABILITY = YES_AGGRESSIVE;
				CLANG_WARN_UNREACHABLE_CODE = YES;
				CLANG_WARN__DUPLICATE_METHOD_MATCH = YES;
				COPY_PHASE_STRIP = NO;
				DEBUG_INFORMATION_FORMAT = "dwarf-with-dsym";
				ENABLE_NS_ASSERTIONS = NO;
				ENABLE_STRICT_OBJC_MSGSEND = YES;
				GCC_C_LANGUAGE_STANDARD = gnu11;
				GCC_NO_COMMON_BLOCKS = YES;
				GCC_WARN_64_TO_32_BIT_CONVERSION = YES;
				GCC_WARN_ABOUT_RETURN_TYPE = YES_ERROR;
				GCC_WARN_UNDECLARED_SELECTOR = YES;
				GCC_WARN_UNINITIALIZED_AUTOS = YES_AGGRESSIVE;
				GCC_WARN_UNUSED_FUNCTION = YES;
				GCC_WARN_UNUSED_VARIABLE = YES;
				IPHONEOS_DEPLOYMENT_TARGET = 14.5;
				MTL_ENABLE_DEBUG_INFO = NO;
				MTL_FAST_MATH = YES;
				SDKROOT = iphoneos;
				VALIDATE_PRODUCT = YES;
			};
			name = Release;
		};
		EA1484B027008CAC0098D9DE /* Debug */ = {
			isa = XCBuildConfiguration;
			baseConfigurationReference = C0D8EEC08DE3D4FC2CFF38C3 /* Pods-AnhFlixster.debug.xcconfig */;
			buildSettings = {
				ASSETCATALOG_COMPILER_APPICON_NAME = appIcon;
				ASSETCATALOG_COMPILER_GLOBAL_ACCENT_COLOR_NAME = AccentColor;
				CLANG_ENABLE_MODULES = YES;
				CODE_SIGN_ENTITLEMENTS = AnhFlixster/AnhFlixster.entitlements;
				CODE_SIGN_STYLE = Automatic;
				DEVELOPMENT_TEAM = LKDDGM5MGD;
				INFOPLIST_FILE = AnhFlixster/Info.plist;
				LD_RUNPATH_SEARCH_PATHS = (
					"$(inherited)",
					"@executable_path/Frameworks",
				);
				PRODUCT_BUNDLE_IDENTIFIER = com.anhmv09.AnhFlixster;
				PRODUCT_NAME = "$(TARGET_NAME)";
				SUPPORTS_MACCATALYST = NO;
				SWIFT_OBJC_BRIDGING_HEADER = "AnhFlixster/AnhFlixster-Bridging-Header.h";
				SWIFT_OPTIMIZATION_LEVEL = "-Onone";
				SWIFT_VERSION = 5.0;
				TARGETED_DEVICE_FAMILY = "1,2";
			};
			name = Debug;
		};
		EA1484B127008CAC0098D9DE /* Release */ = {
			isa = XCBuildConfiguration;
			baseConfigurationReference = 98CFF749E28BEE09D596C26C /* Pods-AnhFlixster.release.xcconfig */;
			buildSettings = {
				ASSETCATALOG_COMPILER_APPICON_NAME = appIcon;
				ASSETCATALOG_COMPILER_GLOBAL_ACCENT_COLOR_NAME = AccentColor;
				CLANG_ENABLE_MODULES = YES;
				CODE_SIGN_ENTITLEMENTS = AnhFlixster/AnhFlixster.entitlements;
				CODE_SIGN_STYLE = Automatic;
				DEVELOPMENT_TEAM = LKDDGM5MGD;
				INFOPLIST_FILE = AnhFlixster/Info.plist;
				LD_RUNPATH_SEARCH_PATHS = (
					"$(inherited)",
					"@executable_path/Frameworks",
				);
				PRODUCT_BUNDLE_IDENTIFIER = com.anhmv09.AnhFlixster;
				PRODUCT_NAME = "$(TARGET_NAME)";
				SUPPORTS_MACCATALYST = NO;
				SWIFT_OBJC_BRIDGING_HEADER = "AnhFlixster/AnhFlixster-Bridging-Header.h";
				SWIFT_VERSION = 5.0;
				TARGETED_DEVICE_FAMILY = "1,2";
			};
			name = Release;
		};
		EA1484B327008CAC0098D9DE /* Debug */ = {
			isa = XCBuildConfiguration;
			baseConfigurationReference = 77D2F301FDE0C8050FA97890 /* Pods-AnhFlixsterTests.debug.xcconfig */;
			buildSettings = {
				ALWAYS_EMBED_SWIFT_STANDARD_LIBRARIES = YES;
				BUNDLE_LOADER = "$(TEST_HOST)";
				CODE_SIGN_STYLE = Automatic;
				DEVELOPMENT_TEAM = LKDDGM5MGD;
				INFOPLIST_FILE = AnhFlixsterTests/Info.plist;
				IPHONEOS_DEPLOYMENT_TARGET = 14.5;
				LD_RUNPATH_SEARCH_PATHS = (
					"$(inherited)",
					"@executable_path/Frameworks",
					"@loader_path/Frameworks",
				);
				PRODUCT_BUNDLE_IDENTIFIER = com.anhmv09.AnhFlixsterTests;
				PRODUCT_NAME = "$(TARGET_NAME)";
				TARGETED_DEVICE_FAMILY = "1,2";
				TEST_HOST = "$(BUILT_PRODUCTS_DIR)/AnhFlixster.app/AnhFlixster";
			};
			name = Debug;
		};
		EA1484B427008CAC0098D9DE /* Release */ = {
			isa = XCBuildConfiguration;
			baseConfigurationReference = 29773696E5CB3283791EAC71 /* Pods-AnhFlixsterTests.release.xcconfig */;
			buildSettings = {
				ALWAYS_EMBED_SWIFT_STANDARD_LIBRARIES = YES;
				BUNDLE_LOADER = "$(TEST_HOST)";
				CODE_SIGN_STYLE = Automatic;
				DEVELOPMENT_TEAM = LKDDGM5MGD;
				INFOPLIST_FILE = AnhFlixsterTests/Info.plist;
				IPHONEOS_DEPLOYMENT_TARGET = 14.5;
				LD_RUNPATH_SEARCH_PATHS = (
					"$(inherited)",
					"@executable_path/Frameworks",
					"@loader_path/Frameworks",
				);
				PRODUCT_BUNDLE_IDENTIFIER = com.anhmv09.AnhFlixsterTests;
				PRODUCT_NAME = "$(TARGET_NAME)";
				TARGETED_DEVICE_FAMILY = "1,2";
				TEST_HOST = "$(BUILT_PRODUCTS_DIR)/AnhFlixster.app/AnhFlixster";
			};
			name = Release;
		};
		EA1484B627008CAC0098D9DE /* Debug */ = {
			isa = XCBuildConfiguration;
			baseConfigurationReference = A82F392D0374CA9E10A783A8 /* Pods-AnhFlixster-AnhFlixsterUITests.debug.xcconfig */;
			buildSettings = {
				ALWAYS_EMBED_SWIFT_STANDARD_LIBRARIES = YES;
				CODE_SIGN_STYLE = Automatic;
				DEVELOPMENT_TEAM = LKDDGM5MGD;
				INFOPLIST_FILE = AnhFlixsterUITests/Info.plist;
				LD_RUNPATH_SEARCH_PATHS = (
					"$(inherited)",
					"@executable_path/Frameworks",
					"@loader_path/Frameworks",
				);
				PRODUCT_BUNDLE_IDENTIFIER = com.anhmv09.AnhFlixsterUITests;
				PRODUCT_NAME = "$(TARGET_NAME)";
				TARGETED_DEVICE_FAMILY = "1,2";
				TEST_TARGET_NAME = AnhFlixster;
			};
			name = Debug;
		};
		EA1484B727008CAC0098D9DE /* Release */ = {
			isa = XCBuildConfiguration;
			baseConfigurationReference = AE40CF83FBA67069950582AA /* Pods-AnhFlixster-AnhFlixsterUITests.release.xcconfig */;
			buildSettings = {
				ALWAYS_EMBED_SWIFT_STANDARD_LIBRARIES = YES;
				CODE_SIGN_STYLE = Automatic;
				DEVELOPMENT_TEAM = LKDDGM5MGD;
				INFOPLIST_FILE = AnhFlixsterUITests/Info.plist;
				LD_RUNPATH_SEARCH_PATHS = (
					"$(inherited)",
					"@executable_path/Frameworks",
					"@loader_path/Frameworks",
				);
				PRODUCT_BUNDLE_IDENTIFIER = com.anhmv09.AnhFlixsterUITests;
				PRODUCT_NAME = "$(TARGET_NAME)";
				TARGETED_DEVICE_FAMILY = "1,2";
				TEST_TARGET_NAME = AnhFlixster;
			};
			name = Release;
		};
/* End XCBuildConfiguration section */

/* Begin XCConfigurationList section */
		EA14847B27008CAA0098D9DE /* Build configuration list for PBXProject "AnhFlixster" */ = {
			isa = XCConfigurationList;
			buildConfigurations = (
				EA1484AD27008CAC0098D9DE /* Debug */,
				EA1484AE27008CAC0098D9DE /* Release */,
			);
			defaultConfigurationIsVisible = 0;
			defaultConfigurationName = Release;
		};
		EA1484AF27008CAC0098D9DE /* Build configuration list for PBXNativeTarget "AnhFlixster" */ = {
			isa = XCConfigurationList;
			buildConfigurations = (
				EA1484B027008CAC0098D9DE /* Debug */,
				EA1484B127008CAC0098D9DE /* Release */,
			);
			defaultConfigurationIsVisible = 0;
			defaultConfigurationName = Release;
		};
		EA1484B227008CAC0098D9DE /* Build configuration list for PBXNativeTarget "AnhFlixsterTests" */ = {
			isa = XCConfigurationList;
			buildConfigurations = (
				EA1484B327008CAC0098D9DE /* Debug */,
				EA1484B427008CAC0098D9DE /* Release */,
			);
			defaultConfigurationIsVisible = 0;
			defaultConfigurationName = Release;
		};
		EA1484B527008CAC0098D9DE /* Build configuration list for PBXNativeTarget "AnhFlixsterUITests" */ = {
			isa = XCConfigurationList;
			buildConfigurations = (
				EA1484B627008CAC0098D9DE /* Debug */,
				EA1484B727008CAC0098D9DE /* Release */,
			);
			defaultConfigurationIsVisible = 0;
			defaultConfigurationName = Release;
		};
/* End XCConfigurationList section */

/* Begin XCRemoteSwiftPackageReference section */
		EACF279D2701767300C040F3 /* XCRemoteSwiftPackageReference "AlamofireImage" */ = {
			isa = XCRemoteSwiftPackageReference;
			repositoryURL = "https://github.com/Alamofire/AlamofireImage";
			requirement = {
				kind = upToNextMajorVersion;
				minimumVersion = 4.2.0;
			};
		};
/* End XCRemoteSwiftPackageReference section */

/* Begin XCSwiftPackageProductDependency section */
		EACF279E2701767300C040F3 /* AlamofireImage */ = {
			isa = XCSwiftPackageProductDependency;
			package = EACF279D2701767300C040F3 /* XCRemoteSwiftPackageReference "AlamofireImage" */;
			productName = AlamofireImage;
		};
/* End XCSwiftPackageProductDependency section */
	};
	rootObject = EA14847827008CAA0098D9DE /* Project object */;
}
